{
  "object": {
    "pins": [
      {
        "package": "BEMCheckBox",
        "repositoryURL": "https://github.com/Boris-Em/BEMCheckBox",
        "state": {
          "branch": "master",
          "revision": "a3292ebae9f0c2737b0c90281219dced2ce51ac8",
          "version": null
        }
      },
      {
        "package": "swift-extensions",
        "repositoryURL": "https://github.com/iceStorm/swift-extensions",
        "state": {
          "branch": "master",
          "revision": "1e967312aa85232eef5c6b321839700273931015",
          "version": null
        }
      }
    ]
  },
  "version": 1
}
